
Microsoft Visual Studio Solution File, Format Version 12.00
# Visual Studio Version 17
VisualStudioVersion = 17.11.35303.130
MinimumVisualStudioVersion = 10.0.40219.1
Project("{FAE04EC0-301F-11D3-BF4B-00C04F79EFBC}") = "ConsoleApp", "ConsoleApp\ConsoleApp.csproj", "{21BDB8F5-3EAD-4EF7-BE4A-5358A4187FC4}"
EndProject
Project("{FAE04EC0-301F-11D3-BF4B-00C04F79EFBC}") = "ClassLibrary1", "ClassLibrary1\ClassLibrary1.csproj", "{9535A68D-E42E-4DD8-BEB8-F5967F3B3BF4}"
EndProject
Project("{B7DD6F7E-DEF8-4E67-B5B7-07EF123DB6F0}") = "MyWixProject", "MyWixProject\MyWixProject.wixproj", "{16C16EBA-6C8E-46CF-8550-7D6F6000E3D4}"
EndProject
Global
	GlobalSection(SolutionConfigurationPlatforms) = preSolution
		Debug|Any CPU = Debug|Any CPU
		Debug|x86 = Debug|x86
		Release|Any CPU = Release|Any CPU
		Release|x86 = Release|x86
	EndGlobalSection
	GlobalSection(ProjectConfigurationPlatforms) = postSolution
		{21BDB8F5-3EAD-4EF7-BE4A-5358A4187FC4}.Debug|Any CPU.ActiveCfg = Debug|Any CPU
		{21BDB8F5-3EAD-4EF7-BE4A-5358A4187FC4}.Debug|Any CPU.Build.0 = Debug|Any CPU
		{21BDB8F5-3EAD-4EF7-BE4A-5358A4187FC4}.Debug|x86.ActiveCfg = Debug|Any CPU
		{21BDB8F5-3EAD-4EF7-BE4A-5358A4187FC4}.Debug|x86.Build.0 = Debug|Any CPU
		{21BDB8F5-3EAD-4EF7-BE4A-5358A4187FC4}.Release|Any CPU.ActiveCfg = Release|Any CPU
		{21BDB8F5-3EAD-4EF7-BE4A-5358A4187FC4}.Release|Any CPU.Build.0 = Release|Any CPU
		{21BDB8F5-3EAD-4EF7-BE4A-5358A4187FC4}.Release|x86.ActiveCfg = Release|Any CPU
		{21BDB8F5-3EAD-4EF7-BE4A-5358A4187FC4}.Release|x86.Build.0 = Release|Any CPU
		{9535A68D-E42E-4DD8-BEB8-F5967F3B3BF4}.Debug|Any CPU.ActiveCfg = Debug|Any CPU
		{9535A68D-E42E-4DD8-BEB8-F5967F3B3BF4}.Debug|Any CPU.Build.0 = Debug|Any CPU
		{9535A68D-E42E-4DD8-BEB8-F5967F3B3BF4}.Debug|x86.ActiveCfg = Debug|Any CPU
		{9535A68D-E42E-4DD8-BEB8-F5967F3B3BF4}.Debug|x86.Build.0 = Debug|Any CPU
		{9535A68D-E42E-4DD8-BEB8-F5967F3B3BF4}.Release|Any CPU.ActiveCfg = Release|Any CPU
		{9535A68D-E42E-4DD8-BEB8-F5967F3B3BF4}.Release|Any CPU.Build.0 = Release|Any CPU
		{9535A68D-E42E-4DD8-BEB8-F5967F3B3BF4}.Release|x86.ActiveCfg = Release|Any CPU
		{9535A68D-E42E-4DD8-BEB8-F5967F3B3BF4}.Release|x86.Build.0 = Release|Any CPU
		{16C16EBA-6C8E-46CF-8550-7D6F6000E3D4}.Debug|Any CPU.ActiveCfg = Debug|x86
		{16C16EBA-6C8E-46CF-8550-7D6F6000E3D4}.Debug|Any CPU.Build.0 = Debug|x86
		{16C16EBA-6C8E-46CF-8550-7D6F6000E3D4}.Debug|x86.ActiveCfg = Debug|x86
		{16C16EBA-6C8E-46CF-8550-7D6F6000E3D4}.Debug|x86.Build.0 = Debug|x86
		{16C16EBA-6C8E-46CF-8550-7D6F6000E3D4}.Release|Any CPU.ActiveCfg = Release|x86
		{16C16EBA-6C8E-46CF-8550-7D6F6000E3D4}.Release|Any CPU.Build.0 = Release|x86
		{16C16EBA-6C8E-46CF-8550-7D6F6000E3D4}.Release|x86.ActiveCfg = Release|x86
		{16C16EBA-6C8E-46CF-8550-7D6F6000E3D4}.Release|x86.Build.0 = Release|x86
	EndGlobalSection
	GlobalSection(SolutionProperties) = preSolution
		HideSolutionNode = FALSE
	EndGlobalSection
	GlobalSection(ExtensibilityGlobals) = postSolution
		SolutionGuid = {8FE1E815-110E-4FC0-86F2-D1B2698F0049}
	EndGlobalSection
EndGlobal
